
Microsoft Visual Studio Solution File, Format Version 12.00
# Visual Studio Version 17
VisualStudioVersion = 17.0.32014.148
MinimumVisualStudioVersion = 10.0.40219.1
Project("{2150E333-8FDC-42A3-9474-1A3956D46DE8}") = "Services", "Services", "{4CEBA153-1C79-4BA2-B4FB-B2FA7132ADEC}"
EndProject
Project("{2150E333-8FDC-42A3-9474-1A3956D46DE8}") = "Catalog", "Catalog", "{037351F3-C061-4E07-B09E-543A07416B85}"
EndProject
Project("{9A19103F-16F7-4668-BE54-9A1E7A4F7556}") = "Catalog.API", "Services\Catalog\Catalog.API\Catalog.API.csproj", "{69FF315A-BAB8-4E4E-B2BF-42C25A4EF987}"
EndProject
Project("{E53339B2-1760-4266-BCC7-CA923CBCF16C}") = "docker-compose", "docker-compose.dcproj", "{47D9D890-D2EB-4B72-8B85-07732C27364E}"
EndProject
Global
	GlobalSection(SolutionConfigurationPlatforms) = preSolution
		Debug|Any CPU = Debug|Any CPU
		Release|Any CPU = Release|Any CPU
	EndGlobalSection
	GlobalSection(ProjectConfigurationPlatforms) = postSolution
		{69FF315A-BAB8-4E4E-B2BF-42C25A4EF987}.Debug|Any CPU.ActiveCfg = Debug|Any CPU
		{69FF315A-BAB8-4E4E-B2BF-42C25A4EF987}.Debug|Any CPU.Build.0 = Debug|Any CPU
		{69FF315A-BAB8-4E4E-B2BF-42C25A4EF987}.Release|Any CPU.ActiveCfg = Release|Any CPU
		{69FF315A-BAB8-4E4E-B2BF-42C25A4EF987}.Release|Any CPU.Build.0 = Release|Any CPU
		{47D9D890-D2EB-4B72-8B85-07732C27364E}.Debug|Any CPU.ActiveCfg = Debug|Any CPU
		{47D9D890-D2EB-4B72-8B85-07732C27364E}.Debug|Any CPU.Build.0 = Debug|Any CPU
		{47D9D890-D2EB-4B72-8B85-07732C27364E}.Release|Any CPU.ActiveCfg = Release|Any CPU
		{47D9D890-D2EB-4B72-8B85-07732C27364E}.Release|Any CPU.Build.0 = Release|Any CPU
	EndGlobalSection
	GlobalSection(SolutionProperties) = preSolution
		HideSolutionNode = FALSE
	EndGlobalSection
	GlobalSection(NestedProjects) = preSolution
		{037351F3-C061-4E07-B09E-543A07416B85} = {4CEBA153-1C79-4BA2-B4FB-B2FA7132ADEC}
		{69FF315A-BAB8-4E4E-B2BF-42C25A4EF987} = {037351F3-C061-4E07-B09E-543A07416B85}
	EndGlobalSection
	GlobalSection(ExtensibilityGlobals) = postSolution
		SolutionGuid = {F9C0869D-179A-4BA5-AF3B-1FE14E7B3DF8}
	EndGlobalSection
EndGlobal
